
Microsoft Visual Studio Solution File, Format Version 12.00
# Visual Studio Version 17
VisualStudioVersion = 17.1.32328.378
MinimumVisualStudioVersion = 10.0.40219.1
Project("{FAE04EC0-301F-11D3-BF4B-00C04F79EFBC}") = "Kfz.WinApp", "Kfz.WinApp\Kfz.WinApp.csproj", "{F798ACA5-543B-4EB3-89F4-8272DF2E14EE}"
EndProject
Project("{FAE04EC0-301F-11D3-BF4B-00C04F79EFBC}") = "Kfz.Database", "Kfz.Database\Kfz.Database.csproj", "{4B6060BB-3AC3-4145-8F11-EBB6F3D5F22F}"
EndProject
Global
	GlobalSection(SolutionConfigurationPlatforms) = preSolution
		Debug|Any CPU = Debug|Any CPU
		Debug|Mixed Platforms = Debug|Mixed Platforms
		Debug|x86 = Debug|x86
		Release|Any CPU = Release|Any CPU
		Release|Mixed Platforms = Release|Mixed Platforms
		Release|x86 = Release|x86
	EndGlobalSection
	GlobalSection(ProjectConfigurationPlatforms) = postSolution
		{F798ACA5-543B-4EB3-89F4-8272DF2E14EE}.Debug|Any CPU.ActiveCfg = Debug|x86
		{F798ACA5-543B-4EB3-89F4-8272DF2E14EE}.Debug|Mixed Platforms.ActiveCfg = Debug|x86
		{F798ACA5-543B-4EB3-89F4-8272DF2E14EE}.Debug|Mixed Platforms.Build.0 = Debug|x86
		{F798ACA5-543B-4EB3-89F4-8272DF2E14EE}.Debug|x86.ActiveCfg = Debug|x86
		{F798ACA5-543B-4EB3-89F4-8272DF2E14EE}.Debug|x86.Build.0 = Debug|x86
		{F798ACA5-543B-4EB3-89F4-8272DF2E14EE}.Release|Any CPU.ActiveCfg = Release|x86
		{F798ACA5-543B-4EB3-89F4-8272DF2E14EE}.Release|Mixed Platforms.ActiveCfg = Release|x86
		{F798ACA5-543B-4EB3-89F4-8272DF2E14EE}.Release|Mixed Platforms.Build.0 = Release|x86
		{F798ACA5-543B-4EB3-89F4-8272DF2E14EE}.Release|x86.ActiveCfg = Release|x86
		{F798ACA5-543B-4EB3-89F4-8272DF2E14EE}.Release|x86.Build.0 = Release|x86
		{4B6060BB-3AC3-4145-8F11-EBB6F3D5F22F}.Debug|Any CPU.ActiveCfg = Debug|Any CPU
		{4B6060BB-3AC3-4145-8F11-EBB6F3D5F22F}.Debug|Any CPU.Build.0 = Debug|Any CPU
		{4B6060BB-3AC3-4145-8F11-EBB6F3D5F22F}.Debug|Mixed Platforms.ActiveCfg = Debug|Any CPU
		{4B6060BB-3AC3-4145-8F11-EBB6F3D5F22F}.Debug|Mixed Platforms.Build.0 = Debug|Any CPU
		{4B6060BB-3AC3-4145-8F11-EBB6F3D5F22F}.Debug|x86.ActiveCfg = Debug|Any CPU
		{4B6060BB-3AC3-4145-8F11-EBB6F3D5F22F}.Release|Any CPU.ActiveCfg = Release|Any CPU
		{4B6060BB-3AC3-4145-8F11-EBB6F3D5F22F}.Release|Any CPU.Build.0 = Release|Any CPU
		{4B6060BB-3AC3-4145-8F11-EBB6F3D5F22F}.Release|Mixed Platforms.ActiveCfg = Release|Any CPU
		{4B6060BB-3AC3-4145-8F11-EBB6F3D5F22F}.Release|Mixed Platforms.Build.0 = Release|Any CPU
		{4B6060BB-3AC3-4145-8F11-EBB6F3D5F22F}.Release|x86.ActiveCfg = Release|Any CPU
	EndGlobalSection
	GlobalSection(SolutionProperties) = preSolution
		HideSolutionNode = FALSE
	EndGlobalSection
	GlobalSection(ExtensibilityGlobals) = postSolution
		SolutionGuid = {E1502747-AB3A-4C8A-963D-FE96760A7E01}
	EndGlobalSection
	GlobalSection(SubversionScc) = preSolution
		Svn-Managed = True
		Manager = AnkhSVN - Subversion Support for Visual Studio
	EndGlobalSection
EndGlobal
